
Microsoft Visual Studio Solution File, Format Version 12.00
# Visual Studio 15
VisualStudioVersion = 15.0.28307.168
MinimumVisualStudioVersion = 10.0.40219.1
Project("{FAE04EC0-301F-11D3-BF4B-00C04F79EFBC}") = "Feb27", "Feb27\Feb27.csproj", "{45B2283B-5353-40C9-A5EC-84D1F87115DC}"
EndProject
Project("{FAE04EC0-301F-11D3-BF4B-00C04F79EFBC}") = "c0723381.UnitTestProject1", "c0723381.UnitTestProject1\c0723381.UnitTestProject1.csproj", "{A48075C2-44CD-43A2-A0DC-ED5CDD77D46D}"
EndProject
Global
	GlobalSection(SolutionConfigurationPlatforms) = preSolution
		Debug|Any CPU = Debug|Any CPU
		Release|Any CPU = Release|Any CPU
	EndGlobalSection
	GlobalSection(ProjectConfigurationPlatforms) = postSolution
		{45B2283B-5353-40C9-A5EC-84D1F87115DC}.Debug|Any CPU.ActiveCfg = Debug|Any CPU
		{45B2283B-5353-40C9-A5EC-84D1F87115DC}.Debug|Any CPU.Build.0 = Debug|Any CPU
		{45B2283B-5353-40C9-A5EC-84D1F87115DC}.Release|Any CPU.ActiveCfg = Release|Any CPU
		{45B2283B-5353-40C9-A5EC-84D1F87115DC}.Release|Any CPU.Build.0 = Release|Any CPU
		{A48075C2-44CD-43A2-A0DC-ED5CDD77D46D}.Debug|Any CPU.ActiveCfg = Debug|Any CPU
		{A48075C2-44CD-43A2-A0DC-ED5CDD77D46D}.Debug|Any CPU.Build.0 = Debug|Any CPU
		{A48075C2-44CD-43A2-A0DC-ED5CDD77D46D}.Release|Any CPU.ActiveCfg = Release|Any CPU
		{A48075C2-44CD-43A2-A0DC-ED5CDD77D46D}.Release|Any CPU.Build.0 = Release|Any CPU
	EndGlobalSection
	GlobalSection(SolutionProperties) = preSolution
		HideSolutionNode = FALSE
	EndGlobalSection
	GlobalSection(ExtensibilityGlobals) = postSolution
		SolutionGuid = {FB8B3E16-97A9-4005-9641-1C0825E4488D}
	EndGlobalSection
EndGlobal
